
Microsoft Visual Studio Solution File, Format Version 12.00
# Visual Studio Version 16
VisualStudioVersion = 16.0.30413.136
MinimumVisualStudioVersion = 10.0.40219.1
Project("{FAE04EC0-301F-11D3-BF4B-00C04F79EFBC}") = "HelloWorld", "HelloWorld\HelloWorld.csproj", "{EDE9E49B-971A-4912-916A-7CCA9205CA7C}"
EndProject
Global
	GlobalSection(SolutionConfigurationPlatforms) = preSolution
		Debug|Any CPU = Debug|Any CPU
		Release|Any CPU = Release|Any CPU
	EndGlobalSection
	GlobalSection(ProjectConfigurationPlatforms) = postSolution
		{EDE9E49B-971A-4912-916A-7CCA9205CA7C}.Debug|Any CPU.ActiveCfg = Debug|Any CPU
		{EDE9E49B-971A-4912-916A-7CCA9205CA7C}.Debug|Any CPU.Build.0 = Debug|Any CPU
		{EDE9E49B-971A-4912-916A-7CCA9205CA7C}.Release|Any CPU.ActiveCfg = Release|Any CPU
		{EDE9E49B-971A-4912-916A-7CCA9205CA7C}.Release|Any CPU.Build.0 = Release|Any CPU
	EndGlobalSection
	GlobalSection(SolutionProperties) = preSolution
		HideSolutionNode = FALSE
	EndGlobalSection
	GlobalSection(ExtensibilityGlobals) = postSolution
		SolutionGuid = {1F4804D8-D87D-4FC2-A8A5-5C984F9586C2}
	EndGlobalSection
EndGlobal
